
Microsoft Visual Studio Solution File, Format Version 12.00
# Visual Studio Version 16
VisualStudioVersion = 16.0.31005.135
MinimumVisualStudioVersion = 10.0.40219.1
Project("{00D1A9C2-B5F0-4AF3-8072-F6C62B433612}") = "SqlPoolDB", "SqlPoolDB.sqlproj", "{901AED0C-6C32-4E5D-9B64-247FFD6D875B}"
EndProject
Global
	GlobalSection(SolutionConfigurationPlatforms) = preSolution
		Debug|Any CPU = Debug|Any CPU
		Release|Any CPU = Release|Any CPU
	EndGlobalSection
	GlobalSection(ProjectConfigurationPlatforms) = postSolution
		{901AED0C-6C32-4E5D-9B64-247FFD6D875B}.Debug|Any CPU.ActiveCfg = Debug|Any CPU
		{901AED0C-6C32-4E5D-9B64-247FFD6D875B}.Debug|Any CPU.Build.0 = Debug|Any CPU
		{901AED0C-6C32-4E5D-9B64-247FFD6D875B}.Debug|Any CPU.Deploy.0 = Debug|Any CPU
		{901AED0C-6C32-4E5D-9B64-247FFD6D875B}.Release|Any CPU.ActiveCfg = Release|Any CPU
		{901AED0C-6C32-4E5D-9B64-247FFD6D875B}.Release|Any CPU.Build.0 = Release|Any CPU
		{901AED0C-6C32-4E5D-9B64-247FFD6D875B}.Release|Any CPU.Deploy.0 = Release|Any CPU
	EndGlobalSection
	GlobalSection(SolutionProperties) = preSolution
		HideSolutionNode = FALSE
	EndGlobalSection
	GlobalSection(ExtensibilityGlobals) = postSolution
		SolutionGuid = {F34C0C57-5782-45B1-8DE5-7AA1EB26328F}
	EndGlobalSection
EndGlobal
